
Microsoft Visual Studio Solution File, Format Version 12.00
# Visual Studio Version 17
VisualStudioVersion = 17.8.34330.188
MinimumVisualStudioVersion = 10.0.40219.1
Project("{FAE04EC0-301F-11D3-BF4B-00C04F79EFBC}") = "GearBoxMaintainApp", "GearBoxMaintainApp\GearBoxMaintainApp.csproj", "{140B7B60-9452-4845-B8A9-20AFE049CDB5}"
EndProject
Global
	GlobalSection(SolutionConfigurationPlatforms) = preSolution
		Debug|Any CPU = Debug|Any CPU
		Release|Any CPU = Release|Any CPU
	EndGlobalSection
	GlobalSection(ProjectConfigurationPlatforms) = postSolution
		{140B7B60-9452-4845-B8A9-20AFE049CDB5}.Debug|Any CPU.ActiveCfg = Debug|Any CPU
		{140B7B60-9452-4845-B8A9-20AFE049CDB5}.Debug|Any CPU.Build.0 = Debug|Any CPU
		{140B7B60-9452-4845-B8A9-20AFE049CDB5}.Release|Any CPU.ActiveCfg = Release|Any CPU
		{140B7B60-9452-4845-B8A9-20AFE049CDB5}.Release|Any CPU.Build.0 = Release|Any CPU
	EndGlobalSection
	GlobalSection(SolutionProperties) = preSolution
		HideSolutionNode = FALSE
	EndGlobalSection
	GlobalSection(ExtensibilityGlobals) = postSolution
		SolutionGuid = {0540E32A-9F05-4FBF-BF14-8E489D926087}
	EndGlobalSection
EndGlobal
